// !$*UTF8*$!
{
	archiveVersion = 1;
	classes = {
	};
	objectVersion = 50;
	objects = {

/* Begin PBXBuildFile section */
		CF3933002232306000552A56 /* HADSQuestion.swift in Sources */ = {isa = PBXBuildFile; fileRef = CF3932FF2232306000552A56 /* HADSQuestion.swift */; };
		CF3933022232307100552A56 /* HADSQuestionBank.swift in Sources */ = {isa = PBXBuildFile; fileRef = CF3933012232307100552A56 /* HADSQuestionBank.swift */; };
		CF3DF8C1223A11AC00D4476A /* PartA.storyboard in Resources */ = {isa = PBXBuildFile; fileRef = CF3DF8C0223A11AC00D4476A /* PartA.storyboard */; };
		CF3DF8C3223A12C500D4476A /* PartB.storyboard in Resources */ = {isa = PBXBuildFile; fileRef = CF3DF8C2223A12C500D4476A /* PartB.storyboard */; };
		CF3DF8C6223A16CD00D4476A /* HADSViewController.swift in Sources */ = {isa = PBXBuildFile; fileRef = CF3DF8C5223A16CD00D4476A /* HADSViewController.swift */; };
		CF3DF8C9223A174900D4476A /* PartBViewController.swift in Sources */ = {isa = PBXBuildFile; fileRef = CF3DF8C8223A174900D4476A /* PartBViewController.swift */; };
		CF3DF8CC223A184F00D4476A /* PartAViewController.swift in Sources */ = {isa = PBXBuildFile; fileRef = CF3DF8CB223A184F00D4476A /* PartAViewController.swift */; };
		CF57FF40223F1157000042C0 /* HADSTableViewCell.swift in Sources */ = {isa = PBXBuildFile; fileRef = CF57FF3E223F1157000042C0 /* HADSTableViewCell.swift */; };
		CF57FF41223F1157000042C0 /* HADSTableViewCell.xib in Resources */ = {isa = PBXBuildFile; fileRef = CF57FF3F223F1157000042C0 /* HADSTableViewCell.xib */; };
		CF7E51E2223DA50E0041DB90 /* DLRadioButton.m in Sources */ = {isa = PBXBuildFile; fileRef = CF7E51E0223DA50D0041DB90 /* DLRadioButton.m */; };
		CF9F922122505F8700916E18 /* HADSPost.swift in Sources */ = {isa = PBXBuildFile; fileRef = CF9F922022505F8700916E18 /* HADSPost.swift */; };
		CF9F9226225061A800916E18 /* UserInfo.swift in Sources */ = {isa = PBXBuildFile; fileRef = CF9F9225225061A800916E18 /* UserInfo.swift */; };
		CF9F922822506A7C00916E18 /* QuizResult.swift in Sources */ = {isa = PBXBuildFile; fileRef = CF9F922722506A7C00916E18 /* QuizResult.swift */; };
		CFA31AF4225F553100B56373 /* DesignableView.swift in Sources */ = {isa = PBXBuildFile; fileRef = CFA31AF3225F553100B56373 /* DesignableView.swift */; };
		CFF2BB392231CEC300D40324 /* AppDelegate.swift in Sources */ = {isa = PBXBuildFile; fileRef = CFF2BB382231CEC300D40324 /* AppDelegate.swift */; };
		CFF2BB3E2231CEC300D40324 /* Main.storyboard in Resources */ = {isa = PBXBuildFile; fileRef = CFF2BB3C2231CEC300D40324 /* Main.storyboard */; };
		CFF2BB402231CEC400D40324 /* Assets.xcassets in Resources */ = {isa = PBXBuildFile; fileRef = CFF2BB3F2231CEC400D40324 /* Assets.xcassets */; };
		CFF2BB432231CEC400D40324 /* LaunchScreen.storyboard in Resources */ = {isa = PBXBuildFile; fileRef = CFF2BB412231CEC400D40324 /* LaunchScreen.storyboard */; };
		CFF2BB542231D51000D40324 /* LogInViewController.swift in Sources */ = {isa = PBXBuildFile; fileRef = CFF2BB532231D51000D40324 /* LogInViewController.swift */; };
		CFF2BB562231D52000D40324 /* RegisterViewController.swift in Sources */ = {isa = PBXBuildFile; fileRef = CFF2BB552231D52000D40324 /* RegisterViewController.swift */; };
		CFF2BB5D2231DA1900D40324 /* FinishViewController.swift in Sources */ = {isa = PBXBuildFile; fileRef = CFF2BB5C2231DA1900D40324 /* FinishViewController.swift */; };
		CFF2BB5F2231E6FD00D40324 /* WelcomeViewController.swift in Sources */ = {isa = PBXBuildFile; fileRef = CFF2BB5E2231E6FD00D40324 /* WelcomeViewController.swift */; };
/* End PBXBuildFile section */

/* Begin PBXFileReference section */
		CF3932FF2232306000552A56 /* HADSQuestion.swift */ = {isa = PBXFileReference; lastKnownFileType = sourcecode.swift; path = HADSQuestion.swift; sourceTree = "<group>"; };
		CF3933012232307100552A56 /* HADSQuestionBank.swift */ = {isa = PBXFileReference; lastKnownFileType = sourcecode.swift; path = HADSQuestionBank.swift; sourceTree = "<group>"; };
		CF3DF8C0223A11AC00D4476A /* PartA.storyboard */ = {isa = PBXFileReference; lastKnownFileType = file.storyboard; path = PartA.storyboard; sourceTree = "<group>"; };
		CF3DF8C2223A12C500D4476A /* PartB.storyboard */ = {isa = PBXFileReference; lastKnownFileType = file.storyboard; path = PartB.storyboard; sourceTree = "<group>"; };
		CF3DF8C5223A16CD00D4476A /* HADSViewController.swift */ = {isa = PBXFileReference; lastKnownFileType = sourcecode.swift; path = HADSViewController.swift; sourceTree = "<group>"; };
		CF3DF8C8223A174900D4476A /* PartBViewController.swift */ = {isa = PBXFileReference; lastKnownFileType = sourcecode.swift; path = PartBViewController.swift; sourceTree = "<group>"; };
		CF3DF8CB223A184F00D4476A /* PartAViewController.swift */ = {isa = PBXFileReference; lastKnownFileType = sourcecode.swift; path = PartAViewController.swift; sourceTree = "<group>"; };
		CF57FF3E223F1157000042C0 /* HADSTableViewCell.swift */ = {isa = PBXFileReference; lastKnownFileType = sourcecode.swift; path = HADSTableViewCell.swift; sourceTree = "<group>"; };
		CF57FF3F223F1157000042C0 /* HADSTableViewCell.xib */ = {isa = PBXFileReference; lastKnownFileType = file.xib; path = HADSTableViewCell.xib; sourceTree = "<group>"; };
		CF7E51DF223DA50D0041DB90 /* DAISY PCOS HD-Bridging-Header.h */ = {isa = PBXFileReference; lastKnownFileType = sourcecode.c.h; path = "DAISY PCOS HD-Bridging-Header.h"; sourceTree = "<group>"; };
		CF7E51E0223DA50D0041DB90 /* DLRadioButton.m */ = {isa = PBXFileReference; fileEncoding = 4; lastKnownFileType = sourcecode.c.objc; path = DLRadioButton.m; sourceTree = "<group>"; };
		CF7E51E1223DA50E0041DB90 /* DLRadioButton.h */ = {isa = PBXFileReference; fileEncoding = 4; lastKnownFileType = sourcecode.c.h; path = DLRadioButton.h; sourceTree = "<group>"; };
		CF9F922022505F8700916E18 /* HADSPost.swift */ = {isa = PBXFileReference; lastKnownFileType = sourcecode.swift; path = HADSPost.swift; sourceTree = "<group>"; };
		CF9F9225225061A800916E18 /* UserInfo.swift */ = {isa = PBXFileReference; lastKnownFileType = sourcecode.swift; path = UserInfo.swift; sourceTree = "<group>"; };
		CF9F922722506A7C00916E18 /* QuizResult.swift */ = {isa = PBXFileReference; lastKnownFileType = sourcecode.swift; path = QuizResult.swift; sourceTree = "<group>"; };
		CFA31AF3225F553100B56373 /* DesignableView.swift */ = {isa = PBXFileReference; lastKnownFileType = sourcecode.swift; path = DesignableView.swift; sourceTree = "<group>"; };
		CFF2BB352231CEC300D40324 /* DAISY PCOS HD.app */ = {isa = PBXFileReference; explicitFileType = wrapper.application; includeInIndex = 0; path = "DAISY PCOS HD.app"; sourceTree = BUILT_PRODUCTS_DIR; };
		CFF2BB382231CEC300D40324 /* AppDelegate.swift */ = {isa = PBXFileReference; lastKnownFileType = sourcecode.swift; path = AppDelegate.swift; sourceTree = "<group>"; };
		CFF2BB3D2231CEC300D40324 /* Base */ = {isa = PBXFileReference; lastKnownFileType = file.storyboard; name = Base; path = Base.lproj/Main.storyboard; sourceTree = "<group>"; };
		CFF2BB3F2231CEC400D40324 /* Assets.xcassets */ = {isa = PBXFileReference; lastKnownFileType = folder.assetcatalog; path = Assets.xcassets; sourceTree = "<group>"; };
		CFF2BB422231CEC400D40324 /* Base */ = {isa = PBXFileReference; lastKnownFileType = file.storyboard; name = Base; path = Base.lproj/LaunchScreen.storyboard; sourceTree = "<group>"; };
		CFF2BB442231CEC400D40324 /* Info.plist */ = {isa = PBXFileReference; lastKnownFileType = text.plist.xml; path = Info.plist; sourceTree = "<group>"; };
		CFF2BB532231D51000D40324 /* LogInViewController.swift */ = {isa = PBXFileReference; lastKnownFileType = sourcecode.swift; path = LogInViewController.swift; sourceTree = "<group>"; };
		CFF2BB552231D52000D40324 /* RegisterViewController.swift */ = {isa = PBXFileReference; lastKnownFileType = sourcecode.swift; path = RegisterViewController.swift; sourceTree = "<group>"; };
		CFF2BB5C2231DA1900D40324 /* FinishViewController.swift */ = {isa = PBXFileReference; lastKnownFileType = sourcecode.swift; path = FinishViewController.swift; sourceTree = "<group>"; };
		CFF2BB5E2231E6FD00D40324 /* WelcomeViewController.swift */ = {isa = PBXFileReference; lastKnownFileType = sourcecode.swift; path = WelcomeViewController.swift; sourceTree = "<group>"; };
/* End PBXFileReference section */

/* Begin PBXFrameworksBuildPhase section */
		CFF2BB322231CEC300D40324 /* Frameworks */ = {
			isa = PBXFrameworksBuildPhase;
			buildActionMask = 2147483647;
			files = (
			);
			runOnlyForDeploymentPostprocessing = 0;
		};
/* End PBXFrameworksBuildPhase section */

/* Begin PBXGroup section */
		CF3DF8C4223A169700D4476A /* PartB */ = {
			isa = PBXGroup;
			children = (
				CF3DF8C8223A174900D4476A /* PartBViewController.swift */,
				CF3DF8C5223A16CD00D4476A /* HADSViewController.swift */,
				CFF2BB5C2231DA1900D40324 /* FinishViewController.swift */,
			);
			name = PartB;
			sourceTree = "<group>";
		};
		CF3DF8C7223A16E400D4476A /* PartB */ = {
			isa = PBXGroup;
			children = (
				CF57FF3D223F09C9000042C0 /* HADS */,
			);
			name = PartB;
			sourceTree = "<group>";
		};
		CF3DF8CA223A182200D4476A /* PartA */ = {
			isa = PBXGroup;
			children = (
				CF3DF8CB223A184F00D4476A /* PartAViewController.swift */,
			);
			name = PartA;
			sourceTree = "<group>";
		};
		CF57FF3D223F09C9000042C0 /* HADS */ = {
			isa = PBXGroup;
			children = (
				CF3932FF2232306000552A56 /* HADSQuestion.swift */,
				CF3933012232307100552A56 /* HADSQuestionBank.swift */,
				CF57FF3E223F1157000042C0 /* HADSTableViewCell.swift */,
				CF57FF3F223F1157000042C0 /* HADSTableViewCell.xib */,
			);
			name = HADS;
			sourceTree = "<group>";
		};
		CF7E51DE223DA49D0041DB90 /* Supporting Files */ = {
			isa = PBXGroup;
			children = (
				CF9F921F22505E8900916E18 /* Networking */,
				CF7E51E1223DA50E0041DB90 /* DLRadioButton.h */,
				CF7E51E0223DA50D0041DB90 /* DLRadioButton.m */,
				CF7E51DF223DA50D0041DB90 /* DAISY PCOS HD-Bridging-Header.h */,
				CFF2BB442231CEC400D40324 /* Info.plist */,
			);
			name = "Supporting Files";
			sourceTree = "<group>";
		};
		CF9F921F22505E8900916E18 /* Networking */ = {
			isa = PBXGroup;
			children = (
				CF9F922022505F8700916E18 /* HADSPost.swift */,
			);
			name = Networking;
			sourceTree = "<group>";
		};
		CFA31AF1225F54A600B56373 /* Main */ = {
			isa = PBXGroup;
			children = (
				CFA31AF3225F553100B56373 /* DesignableView.swift */,
			);
			name = Main;
			sourceTree = "<group>";
		};
		CFA31AF2225F54B300B56373 /* Main */ = {
			isa = PBXGroup;
			children = (
				CFF2BB5E2231E6FD00D40324 /* WelcomeViewController.swift */,
				CFF2BB552231D52000D40324 /* RegisterViewController.swift */,
				CFF2BB532231D51000D40324 /* LogInViewController.swift */,
			);
			name = Main;
			sourceTree = "<group>";
		};
		CFF2BB2C2231CEC300D40324 = {
			isa = PBXGroup;
			children = (
				CFF2BB372231CEC300D40324 /* DAISY PCOS HD */,
				CFF2BB362231CEC300D40324 /* Products */,
			);
			sourceTree = "<group>";
		};
		CFF2BB362231CEC300D40324 /* Products */ = {
			isa = PBXGroup;
			children = (
				CFF2BB352231CEC300D40324 /* DAISY PCOS HD.app */,
			);
			name = Products;
			sourceTree = "<group>";
		};
		CFF2BB372231CEC300D40324 /* DAISY PCOS HD */ = {
			isa = PBXGroup;
			children = (
				CFF2BB4E2231D48600D40324 /* Model */,
				CFF2BB4F2231D49900D40324 /* View */,
				CFF2BB512231D4A500D40324 /* Controller */,
			);
			path = "DAISY PCOS HD";
			sourceTree = "<group>";
		};
		CFF2BB4E2231D48600D40324 /* Model */ = {
			isa = PBXGroup;
			children = (
				CFA31AF1225F54A600B56373 /* Main */,
				CF3DF8C7223A16E400D4476A /* PartB */,
				CF9F922722506A7C00916E18 /* QuizResult.swift */,
				CF9F9225225061A800916E18 /* UserInfo.swift */,
			);
			name = Model;
			sourceTree = "<group>";
		};
		CFF2BB4F2231D49900D40324 /* View */ = {
			isa = PBXGroup;
			children = (
				CFF2BB412231CEC400D40324 /* LaunchScreen.storyboard */,
				CFF2BB3C2231CEC300D40324 /* Main.storyboard */,
				CF3DF8C0223A11AC00D4476A /* PartA.storyboard */,
				CF3DF8C2223A12C500D4476A /* PartB.storyboard */,
				CFF2BB3F2231CEC400D40324 /* Assets.xcassets */,
			);
			path = View;
			sourceTree = "<group>";
		};
		CFF2BB512231D4A500D40324 /* Controller */ = {
			isa = PBXGroup;
			children = (
				CFF2BB382231CEC300D40324 /* AppDelegate.swift */,
				CFA31AF2225F54B300B56373 /* Main */,
				CF3DF8CA223A182200D4476A /* PartA */,
				CF3DF8C4223A169700D4476A /* PartB */,
				CF7E51DE223DA49D0041DB90 /* Supporting Files */,
			);
			name = Controller;
			sourceTree = "<group>";
		};
/* End PBXGroup section */

/* Begin PBXNativeTarget section */
		CFF2BB342231CEC300D40324 /* DAISY PCOS HD */ = {
			isa = PBXNativeTarget;
			buildConfigurationList = CFF2BB472231CEC400D40324 /* Build configuration list for PBXNativeTarget "DAISY PCOS HD" */;
			buildPhases = (
				CFF2BB312231CEC300D40324 /* Sources */,
				CFF2BB322231CEC300D40324 /* Frameworks */,
				CFF2BB332231CEC300D40324 /* Resources */,
			);
			buildRules = (
			);
			dependencies = (
			);
			name = "DAISY PCOS HD";
			productName = "DAISY PCOS HD";
			productReference = CFF2BB352231CEC300D40324 /* DAISY PCOS HD.app */;
			productType = "com.apple.product-type.application";
		};
/* End PBXNativeTarget section */

/* Begin PBXProject section */
		CFF2BB2D2231CEC300D40324 /* Project object */ = {
			isa = PBXProject;
			attributes = {
				LastSwiftUpdateCheck = 1010;
				LastUpgradeCheck = 1010;
				ORGANIZATIONNAME = "XIAN DONG";
				TargetAttributes = {
					CFF2BB342231CEC300D40324 = {
						CreatedOnToolsVersion = 10.1;
						LastSwiftMigration = 1010;
					};
				};
			};
			buildConfigurationList = CFF2BB302231CEC300D40324 /* Build configuration list for PBXProject "DAISY PCOS HD" */;
			compatibilityVersion = "Xcode 9.3";
			developmentRegion = en;
			hasScannedForEncodings = 0;
			knownRegions = (
				en,
				Base,
			);
			mainGroup = CFF2BB2C2231CEC300D40324;
			productRefGroup = CFF2BB362231CEC300D40324 /* Products */;
			projectDirPath = "";
			projectRoot = "";
			targets = (
				CFF2BB342231CEC300D40324 /* DAISY PCOS HD */,
			);
		};
/* End PBXProject section */

/* Begin PBXResourcesBuildPhase section */
		CFF2BB332231CEC300D40324 /* Resources */ = {
			isa = PBXResourcesBuildPhase;
			buildActionMask = 2147483647;
			files = (
				CFF2BB432231CEC400D40324 /* LaunchScreen.storyboard in Resources */,
				CF57FF41223F1157000042C0 /* HADSTableViewCell.xib in Resources */,
				CFF2BB402231CEC400D40324 /* Assets.xcassets in Resources */,
				CFF2BB3E2231CEC300D40324 /* Main.storyboard in Resources */,
				CF3DF8C1223A11AC00D4476A /* PartA.storyboard in Resources */,
				CF3DF8C3223A12C500D4476A /* PartB.storyboard in Resources */,
			);
			runOnlyForDeploymentPostprocessing = 0;
		};
/* End PBXResourcesBuildPhase section */

/* Begin PBXSourcesBuildPhase section */
		CFF2BB312231CEC300D40324 /* Sources */ = {
			isa = PBXSourcesBuildPhase;
			buildActionMask = 2147483647;
			files = (
				CF9F922122505F8700916E18 /* HADSPost.swift in Sources */,
				CFF2BB392231CEC300D40324 /* AppDelegate.swift in Sources */,
				CF3DF8C9223A174900D4476A /* PartBViewController.swift in Sources */,
				CFF2BB542231D51000D40324 /* LogInViewController.swift in Sources */,
				CFF2BB5F2231E6FD00D40324 /* WelcomeViewController.swift in Sources */,
				CFF2BB562231D52000D40324 /* RegisterViewController.swift in Sources */,
				CF57FF40223F1157000042C0 /* HADSTableViewCell.swift in Sources */,
				CF3933022232307100552A56 /* HADSQuestionBank.swift in Sources */,
				CFA31AF4225F553100B56373 /* DesignableView.swift in Sources */,
				CFF2BB5D2231DA1900D40324 /* FinishViewController.swift in Sources */,
				CF3DF8CC223A184F00D4476A /* PartAViewController.swift in Sources */,
				CF7E51E2223DA50E0041DB90 /* DLRadioButton.m in Sources */,
				CF9F922822506A7C00916E18 /* QuizResult.swift in Sources */,
				CF3DF8C6223A16CD00D4476A /* HADSViewController.swift in Sources */,
				CF9F9226225061A800916E18 /* UserInfo.swift in Sources */,
				CF3933002232306000552A56 /* HADSQuestion.swift in Sources */,
			);
			runOnlyForDeploymentPostprocessing = 0;
		};
/* End PBXSourcesBuildPhase section */

/* Begin PBXVariantGroup section */
		CFF2BB3C2231CEC300D40324 /* Main.storyboard */ = {
			isa = PBXVariantGroup;
			children = (
				CFF2BB3D2231CEC300D40324 /* Base */,
			);
			name = Main.storyboard;
			sourceTree = "<group>";
		};
		CFF2BB412231CEC400D40324 /* LaunchScreen.storyboard */ = {
			isa = PBXVariantGroup;
			children = (
				CFF2BB422231CEC400D40324 /* Base */,
			);
			name = LaunchScreen.storyboard;
			sourceTree = "<group>";
		};
/* End PBXVariantGroup section */

/* Begin XCBuildConfiguration section */
		CFF2BB452231CEC400D40324 /* Debug */ = {
			isa = XCBuildConfiguration;
			buildSettings = {
				ALWAYS_SEARCH_USER_PATHS = NO;
				CLANG_ANALYZER_NONNULL = YES;
				CLANG_ANALYZER_NUMBER_OBJECT_CONVERSION = YES_AGGRESSIVE;
				CLANG_CXX_LANGUAGE_STANDARD = "gnu++14";
				CLANG_CXX_LIBRARY = "libc++";
				CLANG_ENABLE_MODULES = YES;
				CLANG_ENABLE_OBJC_ARC = YES;
				CLANG_ENABLE_OBJC_WEAK = YES;
				CLANG_WARN_BLOCK_CAPTURE_AUTORELEASING = YES;
				CLANG_WARN_BOOL_CONVERSION = YES;
				CLANG_WARN_COMMA = YES;
				CLANG_WARN_CONSTANT_CONVERSION = YES;
				CLANG_WARN_DEPRECATED_OBJC_IMPLEMENTATIONS = YES;
				CLANG_WARN_DIRECT_OBJC_ISA_USAGE = YES_ERROR;
				CLANG_WARN_DOCUMENTATION_COMMENTS = YES;
				CLANG_WARN_EMPTY_BODY = YES;
				CLANG_WARN_ENUM_CONVERSION = YES;
				CLANG_WARN_INFINITE_RECURSION = YES;
				CLANG_WARN_INT_CONVERSION = YES;
				CLANG_WARN_NON_LITERAL_NULL_CONVERSION = YES;
				CLANG_WARN_OBJC_IMPLICIT_RETAIN_SELF = YES;
				CLANG_WARN_OBJC_LITERAL_CONVERSION = YES;
				CLANG_WARN_OBJC_ROOT_CLASS = YES_ERROR;
				CLANG_WARN_RANGE_LOOP_ANALYSIS = YES;
				CLANG_WARN_STRICT_PROTOTYPES = YES;
				CLANG_WARN_SUSPICIOUS_MOVE = YES;
				CLANG_WARN_UNGUARDED_AVAILABILITY = YES_AGGRESSIVE;
				CLANG_WARN_UNREACHABLE_CODE = YES;
				CLANG_WARN__DUPLICATE_METHOD_MATCH = YES;
				CODE_SIGN_IDENTITY = "iPhone Developer";
				COPY_PHASE_STRIP = NO;
				DEBUG_INFORMATION_FORMAT = dwarf;
				ENABLE_STRICT_OBJC_MSGSEND = YES;
				ENABLE_TESTABILITY = YES;
				GCC_C_LANGUAGE_STANDARD = gnu11;
				GCC_DYNAMIC_NO_PIC = NO;
				GCC_NO_COMMON_BLOCKS = YES;
				GCC_OPTIMIZATION_LEVEL = 0;
				GCC_PREPROCESSOR_DEFINITIONS = (
					"DEBUG=1",
					"$(inherited)",
				);
				GCC_WARN_64_TO_32_BIT_CONVERSION = YES;
				GCC_WARN_ABOUT_RETURN_TYPE = YES_ERROR;
				GCC_WARN_UNDECLARED_SELECTOR = YES;
				GCC_WARN_UNINITIALIZED_AUTOS = YES_AGGRESSIVE;
				GCC_WARN_UNUSED_FUNCTION = YES;
				GCC_WARN_UNUSED_VARIABLE = YES;
				IPHONEOS_DEPLOYMENT_TARGET = 12.1;
				MTL_ENABLE_DEBUG_INFO = INCLUDE_SOURCE;
				MTL_FAST_MATH = YES;
				ONLY_ACTIVE_ARCH = YES;
				SDKROOT = iphoneos;
				SWIFT_ACTIVE_COMPILATION_CONDITIONS = DEBUG;
				SWIFT_OPTIMIZATION_LEVEL = "-Onone";
			};
			name = Debug;
		};
		CFF2BB462231CEC400D40324 /* Release */ = {
			isa = XCBuildConfiguration;
			buildSettings = {
				ALWAYS_SEARCH_USER_PATHS = NO;
				CLANG_ANALYZER_NONNULL = YES;
				CLANG_ANALYZER_NUMBER_OBJECT_CONVERSION = YES_AGGRESSIVE;
				CLANG_CXX_LANGUAGE_STANDARD = "gnu++14";
				CLANG_CXX_LIBRARY = "libc++";
				CLANG_ENABLE_MODULES = YES;
				CLANG_ENABLE_OBJC_ARC = YES;
				CLANG_ENABLE_OBJC_WEAK = YES;
				CLANG_WARN_BLOCK_CAPTURE_AUTORELEASING = YES;
				CLANG_WARN_BOOL_CONVERSION = YES;
				CLANG_WARN_COMMA = YES;
				CLANG_WARN_CONSTANT_CONVERSION = YES;
				CLANG_WARN_DEPRECATED_OBJC_IMPLEMENTATIONS = YES;
				CLANG_WARN_DIRECT_OBJC_ISA_USAGE = YES_ERROR;
				CLANG_WARN_DOCUMENTATION_COMMENTS = YES;
				CLANG_WARN_EMPTY_BODY = YES;
				CLANG_WARN_ENUM_CONVERSION = YES;
				CLANG_WARN_INFINITE_RECURSION = YES;
				CLANG_WARN_INT_CONVERSION = YES;
				CLANG_WARN_NON_LITERAL_NULL_CONVERSION = YES;
				CLANG_WARN_OBJC_IMPLICIT_RETAIN_SELF = YES;
				CLANG_WARN_OBJC_LITERAL_CONVERSION = YES;
				CLANG_WARN_OBJC_ROOT_CLASS = YES_ERROR;
				CLANG_WARN_RANGE_LOOP_ANALYSIS = YES;
				CLANG_WARN_STRICT_PROTOTYPES = YES;
				CLANG_WARN_SUSPICIOUS_MOVE = YES;
				CLANG_WARN_UNGUARDED_AVAILABILITY = YES_AGGRESSIVE;
				CLANG_WARN_UNREACHABLE_CODE = YES;
				CLANG_WARN__DUPLICATE_METHOD_MATCH = YES;
				CODE_SIGN_IDENTITY = "iPhone Developer";
				COPY_PHASE_STRIP = NO;
				DEBUG_INFORMATION_FORMAT = "dwarf-with-dsym";
				ENABLE_NS_ASSERTIONS = NO;
				ENABLE_STRICT_OBJC_MSGSEND = YES;
				GCC_C_LANGUAGE_STANDARD = gnu11;
				GCC_NO_COMMON_BLOCKS = YES;
				GCC_WARN_64_TO_32_BIT_CONVERSION = YES;
				GCC_WARN_ABOUT_RETURN_TYPE = YES_ERROR;
				GCC_WARN_UNDECLARED_SELECTOR = YES;
				GCC_WARN_UNINITIALIZED_AUTOS = YES_AGGRESSIVE;
				GCC_WARN_UNUSED_FUNCTION = YES;
				GCC_WARN_UNUSED_VARIABLE = YES;
				IPHONEOS_DEPLOYMENT_TARGET = 12.1;
				MTL_ENABLE_DEBUG_INFO = NO;
				MTL_FAST_MATH = YES;
				SDKROOT = iphoneos;
				SWIFT_COMPILATION_MODE = wholemodule;
				SWIFT_OPTIMIZATION_LEVEL = "-O";
				VALIDATE_PRODUCT = YES;
			};
			name = Release;
		};
		CFF2BB482231CEC400D40324 /* Debug */ = {
			isa = XCBuildConfiguration;
			buildSettings = {
				ASSETCATALOG_COMPILER_APPICON_NAME = AppIcon;
				CLANG_ENABLE_MODULES = YES;
				CODE_SIGN_STYLE = Automatic;
				DEVELOPMENT_TEAM = H3VQW8KK3V;
				INFOPLIST_FILE = "DAISY PCOS HD/Info.plist";
				LD_RUNPATH_SEARCH_PATHS = (
					"$(inherited)",
					"@executable_path/Frameworks",
				);
				PRODUCT_BUNDLE_IDENTIFIER = "com.brucedongxian.DAISY-PCOS-HD";
				PRODUCT_NAME = "$(TARGET_NAME)";
				SWIFT_OBJC_BRIDGING_HEADER = "DAISY PCOS HD/DAISY PCOS HD-Bridging-Header.h";
				SWIFT_OPTIMIZATION_LEVEL = "-Onone";
				SWIFT_VERSION = 4.2;
				TARGETED_DEVICE_FAMILY = 2;
			};
			name = Debug;
		};
		CFF2BB492231CEC400D40324 /* Release */ = {
			isa = XCBuildConfiguration;
			buildSettings = {
				ASSETCATALOG_COMPILER_APPICON_NAME = AppIcon;
				CLANG_ENABLE_MODULES = YES;
				CODE_SIGN_STYLE = Automatic;
				DEVELOPMENT_TEAM = H3VQW8KK3V;
				INFOPLIST_FILE = "DAISY PCOS HD/Info.plist";
				LD_RUNPATH_SEARCH_PATHS = (
					"$(inherited)",
					"@executable_path/Frameworks",
				);
				PRODUCT_BUNDLE_IDENTIFIER = "com.brucedongxian.DAISY-PCOS-HD";
				PRODUCT_NAME = "$(TARGET_NAME)";
				SWIFT_OBJC_BRIDGING_HEADER = "DAISY PCOS HD/DAISY PCOS HD-Bridging-Header.h";
				SWIFT_VERSION = 4.2;
				TARGETED_DEVICE_FAMILY = 2;
			};
			name = Release;
		};
/* End XCBuildConfiguration section */

/* Begin XCConfigurationList section */
		CFF2BB302231CEC300D40324 /* Build configuration list for PBXProject "DAISY PCOS HD" */ = {
			isa = XCConfigurationList;
			buildConfigurations = (
				CFF2BB452231CEC400D40324 /* Debug */,
				CFF2BB462231CEC400D40324 /* Release */,
			);
			defaultConfigurationIsVisible = 0;
			defaultConfigurationName = Release;
		};
		CFF2BB472231CEC400D40324 /* Build configuration list for PBXNativeTarget "DAISY PCOS HD" */ = {
			isa = XCConfigurationList;
			buildConfigurations = (
				CFF2BB482231CEC400D40324 /* Debug */,
				CFF2BB492231CEC400D40324 /* Release */,
			);
			defaultConfigurationIsVisible = 0;
			defaultConfigurationName = Release;
		};
/* End XCConfigurationList section */
	};
	rootObject = CFF2BB2D2231CEC300D40324 /* Project object */;
}
